{
  "requires": true,
  "lockfileVersion": 1,
  "dependencies": {
    "@angular/animations": {
      "version": "7.0.3",
      "resolved": "https://registry.npmjs.org/@angular/animations/-/animations-7.0.3.tgz",
      "integrity": "sha512-jCRHlt+ghfSnP5a8HKr6R/Adc5Cq7i/mcYsn3V6M2QBpGFCVmy0ZWZa66QOhRaqler8u8EGi1PdoCCoGAZc4OA==",
      "requires": {
        "tslib": "1.9.3"
      }
    },
    "tslib": {
      "version": "1.9.3",
      "resolved": "https://registry.npmjs.org/tslib/-/tslib-1.9.3.tgz",
      "integrity": "sha512-4krF8scpejhaOgqzBEcGM7yDIEfi0/8+8zDRZhNZZ2kjmHJ4hv3zCbQWxoJGz1iw5U0Jl0nma13xzHXcncMavQ=="
    }
  }
}
